
Microsoft Visual Studio Solution File, Format Version 12.00
# Visual Studio 15
VisualStudioVersion = 15.0.28307.572
MinimumVisualStudioVersion = 10.0.40219.1
Project("{FAE04EC0-301F-11D3-BF4B-00C04F79EFBC}") = "Biblioteka", "Biblioteka\Biblioteka.csproj", "{B31E2981-8386-4621-90EB-57FFFB7E5B63}"
EndProject
Global
	GlobalSection(SolutionConfigurationPlatforms) = preSolution
		Debug|Any CPU = Debug|Any CPU
		Release|Any CPU = Release|Any CPU
	EndGlobalSection
	GlobalSection(ProjectConfigurationPlatforms) = postSolution
		{B31E2981-8386-4621-90EB-57FFFB7E5B63}.Debug|Any CPU.ActiveCfg = Debug|Any CPU
		{B31E2981-8386-4621-90EB-57FFFB7E5B63}.Debug|Any CPU.Build.0 = Debug|Any CPU
		{B31E2981-8386-4621-90EB-57FFFB7E5B63}.Release|Any CPU.ActiveCfg = Release|Any CPU
		{B31E2981-8386-4621-90EB-57FFFB7E5B63}.Release|Any CPU.Build.0 = Release|Any CPU
	EndGlobalSection
	GlobalSection(SolutionProperties) = preSolution
		HideSolutionNode = FALSE
	EndGlobalSection
	GlobalSection(ExtensibilityGlobals) = postSolution
		SolutionGuid = {8FBCC1B0-005D-422F-98B7-9E5BF90C9CDC}
	EndGlobalSection
EndGlobal
